{
  "version": 4,
  "terraform_version": "1.12.1",
  "serial": 111,
  "lineage": "9bbbcd7e-8855-57ab-b355-0324b53ece1b",
  "outputs": {
    "account_id": {
      "value": "211125619133",
      "type": "string"
    }
  },
  "resources": [
    {
      "mode": "data",
      "type": "aws_caller_identity",
      "name": "current",
      "provider": "provider[\"registry.terraform.io/hashicorp/aws\"]",
      "instances": [
        {
          "schema_version": 0,
          "attributes": {
            "account_id": "211125619133",
            "arn": "arn:aws:iam::211125619133:user/Jeremy",
            "id": "211125619133",
            "user_id": "AIDATCKARJG6T2JYWDM3D"
          },
          "sensitive_attributes": [],
          "identity_schema_version": 0
        }
      ]
    },
    {
      "mode": "data",
      "type": "aws_region",
      "name": "current",
      "provider": "provider[\"registry.terraform.io/hashicorp/aws\"]",
      "instances": [
        {
          "schema_version": 0,
          "attributes": {
            "description": "US West (N. California)",
            "endpoint": "ec2.us-west-1.amazonaws.com",
            "id": "us-west-1",
            "name": "us-west-1"
          },
          "sensitive_attributes": [],
          "identity_schema_version": 0
        }
      ]
    },
    {
      "mode": "managed",
      "type": "aws_iam_policy",
      "name": "get_words_policy",
      "provider": "provider[\"registry.terraform.io/hashicorp/aws\"]",
      "instances": [
        {
          "schema_version": 0,
          "attributes": {
            "arn": "arn:aws:iam::211125619133:policy/get-words-policy",
            "attachment_count": 0,
            "description": "Policy for get words lambda.",
            "id": "arn:aws:iam::211125619133:policy/get-words-policy",
            "name": "get-words-policy",
            "name_prefix": "",
            "path": "/",
            "policy": "{\"Statement\":[{\"Action\":[\"dynamodb:*\"],\"Effect\":\"Allow\",\"Resource\":[\"arn:aws:dynamodb:us-west-1:211125619133:table/prod-sonanyms-word-bank-table\",\"arn:aws:dynamodb:us-west-1:211125619133:table/prod-sonanyms-status-table\"]}],\"Version\":\"2012-10-17\"}",
            "policy_id": "ANPATCKARJG6WPV4RWNRF",
            "tags": null,
            "tags_all": {}
          },
          "sensitive_attributes": [],
          "identity_schema_version": 0,
          "private": "bnVsbA==",
          "dependencies": [
            "module.id_status_table.aws_dynamodb_table.table",
            "module.word_bank_table.aws_dynamodb_table.table"
          ]
        }
      ]
    },
    {
      "mode": "managed",
      "type": "aws_iam_policy",
      "name": "word_bank_ingestion_policy",
      "provider": "provider[\"registry.terraform.io/hashicorp/aws\"]",
      "instances": [
        {
          "schema_version": 0,
          "attributes": {
            "arn": "arn:aws:iam::211125619133:policy/word-bank-ingestion-policy",
            "attachment_count": 1,
            "description": "Policy for word bank ingestor lambda.",
            "id": "arn:aws:iam::211125619133:policy/word-bank-ingestion-policy",
            "name": "word-bank-ingestion-policy",
            "name_prefix": "",
            "path": "/",
            "policy": "{\"Statement\":[{\"Action\":[\"dynamodb:*\"],\"Effect\":\"Allow\",\"Resource\":[\"arn:aws:dynamodb:us-west-1:211125619133:table/prod-sonanyms-status-table\",\"arn:aws:dynamodb:us-west-1:211125619133:table/prod-sonanyms-word-bank-table\"]},{\"Action\":[\"s3:GetObject\",\"s3:GetObjectAcl\",\"s3:DeleteObject\"],\"Effect\":\"Allow\",\"Resource\":[\"arn:aws:s3:::jeremy-prod-sonanyms-bucket/*\"]},{\"Action\":[\"s3:ListBucket\"],\"Effect\":\"Allow\",\"Resource\":[\"arn:aws:s3:::jeremy-prod-sonanyms-bucket\"]}],\"Version\":\"2012-10-17\"}",
            "policy_id": "ANPATCKARJG6RQJJTARQT",
            "tags": {},
            "tags_all": {}
          },
          "sensitive_attributes": [],
          "identity_schema_version": 0,
          "private": "bnVsbA==",
          "dependencies": [
            "module.id_status_table.aws_dynamodb_table.table",
            "module.s3_bucket.aws_s3_bucket.s3",
            "module.word_bank_table.aws_dynamodb_table.table"
          ]
        }
      ]
    },
    {
      "mode": "managed",
      "type": "aws_iam_role_policy_attachment",
      "name": "get_words_attach",
      "provider": "provider[\"registry.terraform.io/hashicorp/aws\"]",
      "instances": [
        {
          "schema_version": 0,
          "attributes": {
            "id": "prod-get-words-lambda-exec-role-20251014200049424000000002",
            "policy_arn": "arn:aws:iam::211125619133:policy/get-words-policy",
            "role": "prod-get-words-lambda-exec-role"
          },
          "sensitive_attributes": [],
          "identity_schema_version": 0,
          "private": "bnVsbA==",
          "dependencies": [
            "aws_iam_policy.get_words_policy",
            "module.get_words_lambda.aws_iam_role.execution_role",
            "module.id_status_table.aws_dynamodb_table.table",
            "module.word_bank_table.aws_dynamodb_table.table"
          ]
        }
      ]
    },
    {
      "mode": "managed",
      "type": "aws_iam_role_policy_attachment",
      "name": "word_bank_ingestion_attach",
      "provider": "provider[\"registry.terraform.io/hashicorp/aws\"]",
      "instances": [
        {
          "schema_version": 0,
          "attributes": {
            "id": "prod-word-bank-ingestion-lambda-exec-role-20251014192752886600000002",
            "policy_arn": "arn:aws:iam::211125619133:policy/word-bank-ingestion-policy",
            "role": "prod-word-bank-ingestion-lambda-exec-role"
          },
          "sensitive_attributes": [],
          "identity_schema_version": 0,
          "private": "bnVsbA==",
          "dependencies": [
            "aws_iam_policy.word_bank_ingestion_policy",
            "module.id_status_table.aws_dynamodb_table.table",
            "module.s3_bucket.aws_s3_bucket.s3",
            "module.word_bank_ingestion_lambda.aws_iam_role.execution_role",
            "module.word_bank_table.aws_dynamodb_table.table"
          ]
        }
      ]
    },
    {
      "mode": "managed",
      "type": "aws_lambda_permission",
      "name": "allow_s3_to_invoke_ingestor",
      "provider": "provider[\"registry.terraform.io/hashicorp/aws\"]",
      "instances": [
        {
          "schema_version": 0,
          "attributes": {
            "action": "lambda:InvokeFunction",
            "event_source_token": null,
            "function_name": "prod-word-bank-ingestion-lambda",
            "function_url_auth_type": null,
            "id": "AllowExecutionFromS3Bucket",
            "principal": "s3.amazonaws.com",
            "principal_org_id": null,
            "qualifier": "",
            "source_account": null,
            "source_arn": "arn:aws:s3:::jeremy-prod-sonanyms-bucket",
            "statement_id": "AllowExecutionFromS3Bucket",
            "statement_id_prefix": ""
          },
          "sensitive_attributes": [],
          "identity_schema_version": 0,
          "private": "bnVsbA==",
          "dependencies": [
            "data.aws_caller_identity.current",
            "module.id_status_table.aws_dynamodb_table.table",
            "module.s3_bucket.aws_s3_bucket.s3",
            "module.shared_lambda_layer.aws_lambda_layer_version.version",
            "module.shared_lambda_layer.aws_s3_object.s3_upload",
            "module.shared_lambda_layer.data.archive_file.zip",
            "module.word_bank_ingestion_lambda.aws_iam_role.execution_role",
            "module.word_bank_ingestion_lambda.aws_lambda_function.function",
            "module.word_bank_ingestion_lambda.aws_s3_object.s3_upload",
            "module.word_bank_ingestion_lambda.data.archive_file.zip",
            "module.word_bank_table.aws_dynamodb_table.table"
          ]
        }
      ]
    },
    {
      "mode": "managed",
      "type": "aws_s3_bucket_notification",
      "name": "word_bank_ingestor_trigger",
      "provider": "provider[\"registry.terraform.io/hashicorp/aws\"]",
      "instances": [
        {
          "schema_version": 0,
          "attributes": {
            "bucket": "jeremy-prod-sonanyms-bucket",
            "eventbridge": false,
            "id": "jeremy-prod-sonanyms-bucket",
            "lambda_function": [
              {
                "events": [
                  "s3:ObjectCreated:*"
                ],
                "filter_prefix": "",
                "filter_suffix": ".csv",
                "id": "tf-s3-lambda-20251014192758308100000003",
                "lambda_function_arn": "arn:aws:lambda:us-west-1:211125619133:function:prod-word-bank-ingestion-lambda"
              }
            ],
            "queue": [],
            "topic": []
          },
          "sensitive_attributes": [],
          "identity_schema_version": 0,
          "private": "bnVsbA==",
          "dependencies": [
            "aws_lambda_permission.allow_s3_to_invoke_ingestor",
            "data.aws_caller_identity.current",
            "module.id_status_table.aws_dynamodb_table.table",
            "module.s3_bucket.aws_s3_bucket.s3",
            "module.shared_lambda_layer.aws_lambda_layer_version.version",
            "module.shared_lambda_layer.aws_s3_object.s3_upload",
            "module.shared_lambda_layer.data.archive_file.zip",
            "module.word_bank_ingestion_lambda.aws_iam_role.execution_role",
            "module.word_bank_ingestion_lambda.aws_lambda_function.function",
            "module.word_bank_ingestion_lambda.aws_s3_object.s3_upload",
            "module.word_bank_ingestion_lambda.data.archive_file.zip",
            "module.word_bank_table.aws_dynamodb_table.table"
          ]
        }
      ]
    },
    {
      "module": "module.get_words_lambda",
      "mode": "data",
      "type": "archive_file",
      "name": "zip",
      "provider": "provider[\"registry.terraform.io/hashicorp/archive\"]",
      "instances": [
        {
          "index_key": 0,
          "schema_version": 0,
          "attributes": {
            "exclude_symlink_directories": null,
            "excludes": [
              "*.zip"
            ],
            "id": "bf3f257e3c337f76efdf018aea4a271a1c72ab73",
            "output_base64sha256": "GEmx3yfh7uhgjtWihi9wXyUv+CCRDzwAG/S5+tSw4u0=",
            "output_base64sha512": "gwMcqyxKuNy8W4MQySyBONv0Oh/fh5OoQ/iiVRm7VGg73bX6jxaf1ToJ4m5wL8h7HSAB560ZEFobZ4Y/NJEPXA==",
            "output_file_mode": null,
            "output_md5": "b0068c44f0e1adf440683b29f1cd9156",
            "output_path": "./../lambda_functions/build/base_api_gw/get_words/get_words.zip",
            "output_sha": "bf3f257e3c337f76efdf018aea4a271a1c72ab73",
            "output_sha256": "1849b1df27e1eee8608ed5a2862f705f252ff820910f3c001bf4b9fad4b0e2ed",
            "output_sha512": "83031cab2c4ab8dcbc5b8310c92c8138dbf43a1fdf8793a843f8a25519bb54683bddb5fa8f169fd53a09e26e702fc87b1d2001e7ad19105a1b67863f34910f5c",
            "output_size": 2280,
            "source": [],
            "source_content": null,
            "source_content_filename": null,
            "source_dir": "./../lambda_functions/dist/base_api_gw/get_words",
            "source_file": null,
            "type": "zip"
          },
          "sensitive_attributes": [],
          "identity_schema_version": 0
        }
      ]
    },
    {
      "module": "module.get_words_lambda",
      "mode": "managed",
      "type": "aws_cloudwatch_log_group",
      "name": "lambda_log_group",
      "provider": "provider[\"registry.terraform.io/hashicorp/aws\"]",
      "instances": [
        {
          "schema_version": 0,
          "attributes": {
            "arn": "arn:aws:logs:us-west-1:211125619133:log-group:/aws/lambda/prod-get-words-lambda",
            "id": "/aws/lambda/prod-get-words-lambda",
            "kms_key_id": "",
            "log_group_class": "STANDARD",
            "name": "/aws/lambda/prod-get-words-lambda",
            "name_prefix": "",
            "retention_in_days": 7,
            "skip_destroy": false,
            "tags": {
              "Developer": "Jeremy Quinto",
              "Environment": "prod",
              "Name": "prod-get-words-lambda",
              "Namespace": "jeremy",
              "Owner": "Jeremy Quinto",
              "Project": "sonanyms",
              "Stage": "prod"
            },
            "tags_all": {
              "Developer": "Jeremy Quinto",
              "Environment": "prod",
              "Name": "prod-get-words-lambda",
              "Namespace": "jeremy",
              "Owner": "Jeremy Quinto",
              "Project": "sonanyms",
              "Stage": "prod"
            }
          },
          "sensitive_attributes": [],
          "identity_schema_version": 0,
          "private": "bnVsbA=="
        }
      ]
    },
    {
      "module": "module.get_words_lambda",
      "mode": "managed",
      "type": "aws_iam_role",
      "name": "execution_role",
      "provider": "provider[\"registry.terraform.io/hashicorp/aws\"]",
      "instances": [
        {
          "schema_version": 0,
          "attributes": {
            "arn": "arn:aws:iam::211125619133:role/prod-get-words-lambda-exec-role",
            "assume_role_policy": "{\"Statement\":[{\"Action\":\"sts:AssumeRole\",\"Effect\":\"Allow\",\"Principal\":{\"Service\":\"lambda.amazonaws.com\"}}],\"Version\":\"2012-10-17\"}",
            "create_date": "2025-10-14T20:00:49Z",
            "description": "Execution role for Lambda function prod-get-words-lambda",
            "force_detach_policies": false,
            "id": "prod-get-words-lambda-exec-role",
            "inline_policy": [],
            "managed_policy_arns": [],
            "max_session_duration": 3600,
            "name": "prod-get-words-lambda-exec-role",
            "name_prefix": "",
            "path": "/",
            "permissions_boundary": "",
            "tags": {
              "Developer": "Jeremy Quinto",
              "Environment": "prod",
              "Name": "prod-get-words-lambda-exec-role",
              "Namespace": "jeremy",
              "Owner": "Jeremy Quinto",
              "Project": "sonanyms",
              "Stage": "prod"
            },
            "tags_all": {
              "Developer": "Jeremy Quinto",
              "Environment": "prod",
              "Name": "prod-get-words-lambda-exec-role",
              "Namespace": "jeremy",
              "Owner": "Jeremy Quinto",
              "Project": "sonanyms",
              "Stage": "prod"
            },
            "unique_id": "AROATCKARJG65HJV4TSFN"
          },
          "sensitive_attributes": [],
          "identity_schema_version": 0,
          "private": "bnVsbA==",
          "create_before_destroy": true
        }
      ]
    },
    {
      "module": "module.get_words_lambda",
      "mode": "managed",
      "type": "aws_iam_role_policy_attachment",
      "name": "lambda_basic_execution_role",
      "provider": "provider[\"registry.terraform.io/hashicorp/aws\"]",
      "instances": [
        {
          "schema_version": 0,
          "attributes": {
            "id": "prod-get-words-lambda-exec-role-20251014200049420200000001",
            "policy_arn": "arn:aws:iam::aws:policy/service-role/AWSLambdaBasicExecutionRole",
            "role": "prod-get-words-lambda-exec-role"
          },
          "sensitive_attributes": [],
          "identity_schema_version": 0,
          "private": "bnVsbA==",
          "dependencies": [
            "module.get_words_lambda.aws_iam_role.execution_role"
          ]
        }
      ]
    },
    {
      "module": "module.get_words_lambda",
      "mode": "managed",
      "type": "aws_lambda_function",
      "name": "function",
      "provider": "provider[\"registry.terraform.io/hashicorp/aws\"]",
      "instances": [
        {
          "schema_version": 0,
          "attributes": {
            "architectures": [
              "x86_64"
            ],
            "arn": "arn:aws:lambda:us-west-1:211125619133:function:prod-get-words-lambda",
            "code_sha256": "GEmx3yfh7uhgjtWihi9wXyUv+CCRDzwAG/S5+tSw4u0=",
            "code_signing_config_arn": "",
            "dead_letter_config": [],
            "description": "",
            "environment": [
              {
                "variables": {
                  "AWS_ACCOUNT_ID": "211125619133",
                  "ENV": "prod",
                  "ID_STATUS_TABLE_NAME": "prod-sonanyms-status-table",
                  "REGION": "us-west-1",
                  "WORD_BANK_TABLE_NAME": "prod-sonanyms-word-bank-table"
                }
              }
            ],
            "ephemeral_storage": [
              {
                "size": 512
              }
            ],
            "file_system_config": [],
            "filename": "./../lambda_functions/build/base_api_gw/get_words/get_words.zip",
            "function_name": "prod-get-words-lambda",
            "handler": "handler.handler",
            "id": "prod-get-words-lambda",
            "image_config": [],
            "image_uri": "",
            "invoke_arn": "arn:aws:apigateway:us-west-1:lambda:path/2015-03-31/functions/arn:aws:lambda:us-west-1:211125619133:function:prod-get-words-lambda/invocations",
            "kms_key_arn": "",
            "last_modified": "2025-10-14T20:00:58.511+0000",
            "layers": [],
            "logging_config": [
              {
                "application_log_level": "",
                "log_format": "Text",
                "log_group": "/aws/lambda/prod-get-words-lambda",
                "system_log_level": ""
              }
            ],
            "memory_size": 256,
            "package_type": "Zip",
            "publish": false,
            "qualified_arn": "arn:aws:lambda:us-west-1:211125619133:function:prod-get-words-lambda:$LATEST",
            "qualified_invoke_arn": "arn:aws:apigateway:us-west-1:lambda:path/2015-03-31/functions/arn:aws:lambda:us-west-1:211125619133:function:prod-get-words-lambda:$LATEST/invocations",
            "replace_security_groups_on_destroy": null,
            "replacement_security_group_ids": null,
            "reserved_concurrent_executions": -1,
            "role": "arn:aws:iam::211125619133:role/prod-get-words-lambda-exec-role",
            "runtime": "nodejs20.x",
            "s3_bucket": null,
            "s3_key": null,
            "s3_object_version": null,
            "signing_job_arn": "",
            "signing_profile_version_arn": "",
            "skip_destroy": false,
            "snap_start": [],
            "source_code_hash": "GEmx3yfh7uhgjtWihi9wXyUv+CCRDzwAG/S5+tSw4u0=",
            "source_code_size": 2280,
            "tags": null,
            "tags_all": {},
            "timeout": 60,
            "timeouts": null,
            "tracing_config": [
              {
                "mode": "PassThrough"
              }
            ],
            "version": "$LATEST",
            "vpc_config": []
          },
          "sensitive_attributes": [],
          "identity_schema_version": 0,
          "private": "eyJlMmJmYjczMC1lY2FhLTExZTYtOGY4OC0zNDM2M2JjN2M0YzAiOnsiY3JlYXRlIjo2MDAwMDAwMDAwMDAsImRlbGV0ZSI6NjAwMDAwMDAwMDAwLCJ1cGRhdGUiOjYwMDAwMDAwMDAwMH19",
          "dependencies": [
            "data.aws_caller_identity.current",
            "module.get_words_lambda.aws_iam_role.execution_role",
            "module.get_words_lambda.aws_s3_object.s3_upload",
            "module.get_words_lambda.data.archive_file.zip",
            "module.id_status_table.aws_dynamodb_table.table",
            "module.word_bank_table.aws_dynamodb_table.table"
          ],
          "create_before_destroy": true
        }
      ]
    },
    {
      "module": "module.id_status_table",
      "mode": "managed",
      "type": "aws_dynamodb_table",
      "name": "table",
      "provider": "provider[\"registry.terraform.io/hashicorp/aws\"]",
      "instances": [
        {
          "schema_version": 1,
          "attributes": {
            "arn": "arn:aws:dynamodb:us-west-1:211125619133:table/prod-sonanyms-status-table",
            "attribute": [
              {
                "name": "metric_name",
                "type": "S"
              }
            ],
            "billing_mode": "PAY_PER_REQUEST",
            "deletion_protection_enabled": false,
            "global_secondary_index": [],
            "hash_key": "metric_name",
            "id": "prod-sonanyms-status-table",
            "import_table": [],
            "local_secondary_index": [],
            "name": "prod-sonanyms-status-table",
            "on_demand_throughput": [],
            "point_in_time_recovery": [
              {
                "enabled": false
              }
            ],
            "range_key": null,
            "read_capacity": 0,
            "replica": [],
            "restore_date_time": null,
            "restore_source_name": null,
            "restore_source_table_arn": null,
            "restore_to_latest_time": null,
            "server_side_encryption": [],
            "stream_arn": "",
            "stream_enabled": false,
            "stream_label": "",
            "stream_view_type": "",
            "table_class": "STANDARD",
            "tags": {
              "Developer": "Jeremy Quinto",
              "Environment": "prod",
              "Name": "prod-sonanyms-status-table",
              "Namespace": "jeremy",
              "Owner": "Jeremy Quinto",
              "Project": "sonanyms",
              "Stage": "prod"
            },
            "tags_all": {
              "Developer": "Jeremy Quinto",
              "Environment": "prod",
              "Name": "prod-sonanyms-status-table",
              "Namespace": "jeremy",
              "Owner": "Jeremy Quinto",
              "Project": "sonanyms",
              "Stage": "prod"
            },
            "timeouts": null,
            "ttl": [
              {
                "attribute_name": "",
                "enabled": false
              }
            ],
            "write_capacity": 0
          },
          "sensitive_attributes": [],
          "identity_schema_version": 0,
          "private": "eyJlMmJmYjczMC1lY2FhLTExZTYtOGY4OC0zNDM2M2JjN2M0YzAiOnsiY3JlYXRlIjoxODAwMDAwMDAwMDAwLCJkZWxldGUiOjYwMDAwMDAwMDAwMCwidXBkYXRlIjozNjAwMDAwMDAwMDAwfSwic2NoZW1hX3ZlcnNpb24iOiIxIn0=",
          "create_before_destroy": true
        }
      ]
    },
    {
      "module": "module.s3_bucket",
      "mode": "managed",
      "type": "aws_s3_bucket",
      "name": "s3",
      "provider": "provider[\"registry.terraform.io/hashicorp/aws\"]",
      "instances": [
        {
          "schema_version": 0,
          "attributes": {
            "acceleration_status": "",
            "acl": null,
            "arn": "arn:aws:s3:::jeremy-prod-sonanyms-bucket",
            "bucket": "jeremy-prod-sonanyms-bucket",
            "bucket_domain_name": "jeremy-prod-sonanyms-bucket.s3.amazonaws.com",
            "bucket_prefix": "",
            "bucket_regional_domain_name": "jeremy-prod-sonanyms-bucket.s3.us-west-1.amazonaws.com",
            "cors_rule": [],
            "force_destroy": true,
            "grant": [
              {
                "id": "2495daeaf8d6fc71fe2af5778f7f679c28cb48e13a70c13ad693e14b0133a854",
                "permissions": [
                  "FULL_CONTROL"
                ],
                "type": "CanonicalUser",
                "uri": ""
              }
            ],
            "hosted_zone_id": "Z2F56UZL2M1ACD",
            "id": "jeremy-prod-sonanyms-bucket",
            "lifecycle_rule": [],
            "logging": [],
            "object_lock_configuration": [],
            "object_lock_enabled": false,
            "policy": "",
            "region": "us-west-1",
            "replication_configuration": [],
            "request_payer": "BucketOwner",
            "server_side_encryption_configuration": [
              {
                "rule": [
                  {
                    "apply_server_side_encryption_by_default": [
                      {
                        "kms_master_key_id": "",
                        "sse_algorithm": "AES256"
                      }
                    ],
                    "bucket_key_enabled": false
                  }
                ]
              }
            ],
            "tags": {
              "Developer": "Jeremy Quinto",
              "Environment": "prod",
              "Name": "jeremy-prod-sonanyms-bucket",
              "Namespace": "jeremy",
              "Owner": "Jeremy Quinto",
              "Project": "sonanyms",
              "Stage": "prod"
            },
            "tags_all": {
              "Developer": "Jeremy Quinto",
              "Environment": "prod",
              "Name": "jeremy-prod-sonanyms-bucket",
              "Namespace": "jeremy",
              "Owner": "Jeremy Quinto",
              "Project": "sonanyms",
              "Stage": "prod"
            },
            "timeouts": null,
            "versioning": [
              {
                "enabled": false,
                "mfa_delete": false
              }
            ],
            "website": [],
            "website_domain": null,
            "website_endpoint": null
          },
          "sensitive_attributes": [],
          "identity_schema_version": 0,
          "private": "eyJlMmJmYjczMC1lY2FhLTExZTYtOGY4OC0zNDM2M2JjN2M0YzAiOnsiY3JlYXRlIjoxMjAwMDAwMDAwMDAwLCJkZWxldGUiOjM2MDAwMDAwMDAwMDAsInJlYWQiOjEyMDAwMDAwMDAwMDAsInVwZGF0ZSI6MTIwMDAwMDAwMDAwMH19"
        }
      ]
    },
    {
      "module": "module.s3_bucket",
      "mode": "managed",
      "type": "aws_s3_bucket_public_access_block",
      "name": "public_access_block",
      "provider": "provider[\"registry.terraform.io/hashicorp/aws\"]",
      "instances": [
        {
          "schema_version": 0,
          "attributes": {
            "block_public_acls": false,
            "block_public_policy": false,
            "bucket": "jeremy-prod-sonanyms-bucket",
            "id": "jeremy-prod-sonanyms-bucket",
            "ignore_public_acls": false,
            "restrict_public_buckets": false
          },
          "sensitive_attributes": [],
          "identity_schema_version": 0,
          "private": "bnVsbA==",
          "dependencies": [
            "module.s3_bucket.aws_s3_bucket.s3"
          ]
        }
      ]
    },
    {
      "module": "module.shared_lambda_layer",
      "mode": "managed",
      "type": "aws_lambda_layer_version",
      "name": "version",
      "provider": "provider[\"registry.terraform.io/hashicorp/aws\"]",
      "instances": [
        {
          "schema_version": 0,
          "attributes": {
            "arn": "arn:aws:lambda:us-west-1:211125619133:layer:prod-shared-layer:1",
            "code_sha256": "lOS9f5KEgLqILmY+3svVGxyEJnkij3nSoybsj+3zKPY=",
            "compatible_architectures": [
              "arm64",
              "x86_64"
            ],
            "compatible_runtimes": [
              "nodejs20.x"
            ],
            "created_date": "2025-10-14T19:33:29.582+0000",
            "description": "Shared utilities and dependencies for all lambdas",
            "filename": "./../lambda_functions/build/layers/shared_layer.zip",
            "id": "arn:aws:lambda:us-west-1:211125619133:layer:prod-shared-layer:1",
            "layer_arn": "arn:aws:lambda:us-west-1:211125619133:layer:prod-shared-layer",
            "layer_name": "prod-shared-layer",
            "license_info": "",
            "s3_bucket": null,
            "s3_key": null,
            "s3_object_version": null,
            "signing_job_arn": "",
            "signing_profile_version_arn": "",
            "skip_destroy": false,
            "source_code_hash": "lOS9f5KEgLqILmY+3svVGxyEJnkij3nSoybsj+3zKPY=",
            "source_code_size": 21186753,
            "version": "1"
          },
          "sensitive_attributes": [],
          "identity_schema_version": 0,
          "private": "bnVsbA==",
          "dependencies": [
            "module.shared_lambda_layer.aws_s3_object.s3_upload",
            "module.shared_lambda_layer.data.archive_file.zip"
          ]
        }
      ]
    },
    {
      "module": "module.user_api_gw",
      "mode": "data",
      "type": "aws_region",
      "name": "current",
      "provider": "provider[\"registry.terraform.io/hashicorp/aws\"]",
      "instances": [
        {
          "schema_version": 0,
          "attributes": {
            "description": "US West (N. California)",
            "endpoint": "ec2.us-west-1.amazonaws.com",
            "id": "us-west-1",
            "name": "us-west-1"
          },
          "sensitive_attributes": [],
          "identity_schema_version": 0
        }
      ]
    },
    {
      "module": "module.user_api_gw",
      "mode": "managed",
      "type": "aws_api_gateway_deployment",
      "name": "deployment",
      "provider": "provider[\"registry.terraform.io/hashicorp/aws\"]",
      "instances": [
        {
          "schema_version": 0,
          "attributes": {
            "canary_settings": [],
            "created_date": "2025-10-14T20:01:04Z",
            "description": "",
            "execution_arn": "arn:aws:execute-api:us-west-1:211125619133:1yd960srx9/",
            "id": "fivmnv",
            "invoke_url": "https://1yd960srx9.execute-api.us-west-1.amazonaws.com/",
            "rest_api_id": "1yd960srx9",
            "stage_description": null,
            "stage_name": null,
            "triggers": {
              "api_hash": "c9208a3827db4bc49f5f9d765543877b3d74d0b7ddffb32171e5dfe594f0c2d5",
              "integrations_hash": "{\"lambda\":{\"get-words\":{\"deployment_dependencies\":[{\"cache_key_parameters\":null,\"cache_namespace\":\"ym2rll\",\"connection_id\":\"\",\"connection_type\":\"INTERNET\",\"content_handling\":\"\",\"credentials\":\"\",\"http_method\":\"GET\",\"id\":\"agi-1yd960srx9-ym2rll-GET\",\"integration_http_method\":\"POST\",\"passthrough_behavior\":\"WHEN_NO_MATCH\",\"request_parameters\":{\"integration.request.header.Access-Control-Allow-Origin\":\"'*'\"},\"request_templates\":null,\"resource_id\":\"ym2rll\",\"rest_api_id\":\"1yd960srx9\",\"timeout_milliseconds\":29000,\"tls_config\":[],\"type\":\"AWS_PROXY\",\"uri\":\"arn:aws:apigateway:us-west-1:lambda:path/2015-03-31/functions/arn:aws:lambda:us-west-1:211125619133:function:prod-get-words-lambda/invocations\"},{\"http_method\":\"GET\",\"id\":\"agmr-1yd960srx9-ym2rll-GET-200\",\"resource_id\":\"ym2rll\",\"response_models\":{\"application/json\":\"Empty\"},\"response_parameters\":{\"method.response.header.Access-Control-Allow-Headers\":true,\"method.response.header.Access-Control-Allow-Methods\":true,\"method.response.header.Access-Control-Allow-Origin\":true},\"rest_api_id\":\"1yd960srx9\",\"status_code\":\"200\"},{\"content_handling\":\"\",\"http_method\":\"GET\",\"id\":\"agir-1yd960srx9-ym2rll-GET-200\",\"resource_id\":\"ym2rll\",\"response_parameters\":{\"method.response.header.Access-Control-Allow-Origin\":\"'*'\"},\"response_templates\":null,\"rest_api_id\":\"1yd960srx9\",\"selection_pattern\":\"\",\"status_code\":\"200\"}]}}}",
              "policy_hash": "no-policy",
              "redeployment_hash": "79318de5d222d3c46b522fcdc67e386619539e14e393a6eda08a1d189cf7c8fe",
              "routes_hash": "[{\"cache_key_parameters\":[],\"dynamodb_table_name\":null,\"enable_cors_all\":true,\"execution_role_arn\":null,\"http_method\":\"GET\",\"integration_type\":\"lambda\",\"lambda_function_name\":\"prod-get-words-lambda\",\"lambda_invoke_arn\":\"arn:aws:apigateway:us-west-1:lambda:path/2015-03-31/functions/arn:aws:lambda:us-west-1:211125619133:function:prod-get-words-lambda/invocations\",\"parent_path\":null,\"path\":\"get-words\",\"request_parameters\":null,\"use_authorizer\":false}]"
            },
            "variables": null
          },
          "sensitive_attributes": [],
          "identity_schema_version": 0,
          "private": "bnVsbA==",
          "dependencies": [
            "data.aws_caller_identity.current",
            "module.get_words_lambda.aws_iam_role.execution_role",
            "module.get_words_lambda.aws_lambda_function.function",
            "module.get_words_lambda.aws_s3_object.s3_upload",
            "module.get_words_lambda.data.archive_file.zip",
            "module.id_status_table.aws_dynamodb_table.table",
            "module.user_api_gw.aws_api_gateway_resource.resources",
            "module.user_api_gw.aws_api_gateway_rest_api.api",
            "module.user_api_gw.aws_api_gateway_rest_api_policy.policy",
            "module.user_api_gw.data.aws_iam_policy_document.api_policy",
            "module.user_api_gw.module.api_lambda_integration.aws_api_gateway_integration.lambda_integration",
            "module.user_api_gw.module.api_lambda_integration.aws_api_gateway_integration.options_integration",
            "module.user_api_gw.module.api_lambda_integration.aws_api_gateway_integration_response.integration_response",
            "module.user_api_gw.module.api_lambda_integration.aws_api_gateway_integration_response.options_integration_response",
            "module.user_api_gw.module.api_lambda_integration.aws_api_gateway_method.method",
            "module.user_api_gw.module.api_lambda_integration.aws_api_gateway_method.options_method",
            "module.user_api_gw.module.api_lambda_integration.aws_api_gateway_method_response.options_200",
            "module.user_api_gw.module.api_lambda_integration.aws_api_gateway_method_response.response_200",
            "module.user_api_gw.module.api_lambda_integration.aws_lambda_permission.api_gateway_integration",
            "module.word_bank_table.aws_dynamodb_table.table"
          ],
          "create_before_destroy": true
        }
      ]
    },
    {
      "module": "module.user_api_gw",
      "mode": "managed",
      "type": "aws_api_gateway_resource",
      "name": "resources",
      "provider": "provider[\"registry.terraform.io/hashicorp/aws\"]",
      "instances": [
        {
          "index_key": "get-words",
          "schema_version": 0,
          "attributes": {
            "id": "ym2rll",
            "parent_id": "1azbbwoo87",
            "path": "/get-words",
            "path_part": "get-words",
            "rest_api_id": "1yd960srx9"
          },
          "sensitive_attributes": [],
          "identity_schema_version": 0,
          "private": "bnVsbA==",
          "dependencies": [
            "data.aws_caller_identity.current",
            "module.get_words_lambda.aws_iam_role.execution_role",
            "module.get_words_lambda.aws_lambda_function.function",
            "module.get_words_lambda.aws_s3_object.s3_upload",
            "module.get_words_lambda.data.archive_file.zip",
            "module.id_status_table.aws_dynamodb_table.table",
            "module.user_api_gw.aws_api_gateway_rest_api.api",
            "module.word_bank_table.aws_dynamodb_table.table"
          ],
          "create_before_destroy": true
        }
      ]
    },
    {
      "module": "module.user_api_gw",
      "mode": "managed",
      "type": "aws_api_gateway_rest_api",
      "name": "api",
      "provider": "provider[\"registry.terraform.io/hashicorp/aws\"]",
      "instances": [
        {
          "schema_version": 0,
          "attributes": {
            "api_key_source": "HEADER",
            "arn": "arn:aws:apigateway:us-west-1::/restapis/1yd960srx9",
            "binary_media_types": [],
            "body": null,
            "created_date": "2025-10-14T20:00:49Z",
            "description": "",
            "disable_execute_api_endpoint": false,
            "endpoint_configuration": [
              {
                "types": [
                  "REGIONAL"
                ],
                "vpc_endpoint_ids": []
              }
            ],
            "execution_arn": "arn:aws:execute-api:us-west-1:211125619133:1yd960srx9",
            "fail_on_warnings": null,
            "id": "1yd960srx9",
            "minimum_compression_size": "",
            "name": "prod",
            "parameters": null,
            "policy": "",
            "put_rest_api_mode": null,
            "root_resource_id": "1azbbwoo87",
            "tags": {
              "Attributes": "apigw",
              "Developer": "Jeremy Quinto",
              "Environment": "prod",
              "Name": "prod",
              "Namespace": "jeremy",
              "Owner": "Jeremy Quinto",
              "Project": "sonanyms",
              "Stage": "prod",
              "component": "apigw_rest"
            },
            "tags_all": {
              "Attributes": "apigw",
              "Developer": "Jeremy Quinto",
              "Environment": "prod",
              "Name": "prod",
              "Namespace": "jeremy",
              "Owner": "Jeremy Quinto",
              "Project": "sonanyms",
              "Stage": "prod",
              "component": "apigw_rest"
            }
          },
          "sensitive_attributes": [],
          "identity_schema_version": 0,
          "private": "bnVsbA==",
          "create_before_destroy": true
        }
      ]
    },
    {
      "module": "module.user_api_gw",
      "mode": "managed",
      "type": "aws_api_gateway_stage",
      "name": "auth_stage",
      "provider": "provider[\"registry.terraform.io/hashicorp/aws\"]",
      "instances": [
        {
          "schema_version": 0,
          "attributes": {
            "access_log_settings": [],
            "arn": "arn:aws:apigateway:us-west-1::/restapis/1yd960srx9/stages/prod",
            "cache_cluster_enabled": false,
            "cache_cluster_size": "",
            "canary_settings": [],
            "client_certificate_id": "",
            "deployment_id": "fivmnv",
            "description": "",
            "documentation_version": "",
            "execution_arn": "arn:aws:execute-api:us-west-1:211125619133:1yd960srx9/prod",
            "id": "ags-1yd960srx9-prod",
            "invoke_url": "https://1yd960srx9.execute-api.us-west-1.amazonaws.com/prod",
            "rest_api_id": "1yd960srx9",
            "stage_name": "prod",
            "tags": {
              "Attributes": "apigw-rest-api",
              "Developer": "Jeremy Quinto",
              "Environment": "prod",
              "Name": "prod",
              "Namespace": "jeremy",
              "Owner": "Jeremy Quinto",
              "Project": "sonanyms",
              "Stage": "prod",
              "component": "apigw_rest"
            },
            "tags_all": {
              "Attributes": "apigw-rest-api",
              "Developer": "Jeremy Quinto",
              "Environment": "prod",
              "Name": "prod",
              "Namespace": "jeremy",
              "Owner": "Jeremy Quinto",
              "Project": "sonanyms",
              "Stage": "prod",
              "component": "apigw_rest"
            },
            "variables": {
              "cors": "true"
            },
            "web_acl_arn": "",
            "xray_tracing_enabled": false
          },
          "sensitive_attributes": [],
          "identity_schema_version": 0,
          "private": "bnVsbA==",
          "dependencies": [
            "data.aws_caller_identity.current",
            "module.get_words_lambda.aws_iam_role.execution_role",
            "module.get_words_lambda.aws_lambda_function.function",
            "module.get_words_lambda.aws_s3_object.s3_upload",
            "module.get_words_lambda.data.archive_file.zip",
            "module.id_status_table.aws_dynamodb_table.table",
            "module.user_api_gw.aws_api_gateway_deployment.deployment",
            "module.user_api_gw.aws_api_gateway_resource.resources",
            "module.user_api_gw.aws_api_gateway_rest_api.api",
            "module.user_api_gw.aws_api_gateway_rest_api_policy.policy",
            "module.user_api_gw.data.aws_iam_policy_document.api_policy",
            "module.user_api_gw.module.api_lambda_integration.aws_api_gateway_integration.lambda_integration",
            "module.user_api_gw.module.api_lambda_integration.aws_api_gateway_integration.options_integration",
            "module.user_api_gw.module.api_lambda_integration.aws_api_gateway_integration_response.integration_response",
            "module.user_api_gw.module.api_lambda_integration.aws_api_gateway_integration_response.options_integration_response",
            "module.user_api_gw.module.api_lambda_integration.aws_api_gateway_method.method",
            "module.user_api_gw.module.api_lambda_integration.aws_api_gateway_method.options_method",
            "module.user_api_gw.module.api_lambda_integration.aws_api_gateway_method_response.options_200",
            "module.user_api_gw.module.api_lambda_integration.aws_api_gateway_method_response.response_200",
            "module.user_api_gw.module.api_lambda_integration.aws_lambda_permission.api_gateway_integration",
            "module.word_bank_table.aws_dynamodb_table.table"
          ]
        }
      ]
    },
    {
      "module": "module.user_api_gw.module.api_lambda_integration[\"get-words\"]",
      "mode": "managed",
      "type": "aws_api_gateway_integration",
      "name": "lambda_integration",
      "provider": "provider[\"registry.terraform.io/hashicorp/aws\"]",
      "instances": [
        {
          "schema_version": 0,
          "attributes": {
            "cache_key_parameters": null,
            "cache_namespace": "ym2rll",
            "connection_id": "",
            "connection_type": "INTERNET",
            "content_handling": "",
            "credentials": "",
            "http_method": "GET",
            "id": "agi-1yd960srx9-ym2rll-GET",
            "integration_http_method": "POST",
            "passthrough_behavior": "WHEN_NO_MATCH",
            "request_parameters": {
              "integration.request.header.Access-Control-Allow-Origin": "'*'"
            },
            "request_templates": null,
            "resource_id": "ym2rll",
            "rest_api_id": "1yd960srx9",
            "timeout_milliseconds": 29000,
            "tls_config": [],
            "type": "AWS_PROXY",
            "uri": "arn:aws:apigateway:us-west-1:lambda:path/2015-03-31/functions/arn:aws:lambda:us-west-1:211125619133:function:prod-get-words-lambda/invocations"
          },
          "sensitive_attributes": [],
          "identity_schema_version": 0,
          "private": "bnVsbA==",
          "dependencies": [
            "data.aws_caller_identity.current",
            "module.get_words_lambda.aws_iam_role.execution_role",
            "module.get_words_lambda.aws_lambda_function.function",
            "module.get_words_lambda.aws_s3_object.s3_upload",
            "module.get_words_lambda.data.archive_file.zip",
            "module.id_status_table.aws_dynamodb_table.table",
            "module.user_api_gw.aws_api_gateway_resource.resources",
            "module.user_api_gw.aws_api_gateway_rest_api.api",
            "module.user_api_gw.module.api_lambda_integration.aws_api_gateway_method.method",
            "module.word_bank_table.aws_dynamodb_table.table"
          ],
          "create_before_destroy": true
        }
      ]
    },
    {
      "module": "module.user_api_gw.module.api_lambda_integration[\"get-words\"]",
      "mode": "managed",
      "type": "aws_api_gateway_integration",
      "name": "options_integration",
      "provider": "provider[\"registry.terraform.io/hashicorp/aws\"]",
      "instances": [
        {
          "index_key": 0,
          "schema_version": 0,
          "attributes": {
            "cache_key_parameters": null,
            "cache_namespace": "ym2rll",
            "connection_id": "",
            "connection_type": "INTERNET",
            "content_handling": "",
            "credentials": "",
            "http_method": "OPTIONS",
            "id": "agi-1yd960srx9-ym2rll-OPTIONS",
            "integration_http_method": "",
            "passthrough_behavior": "WHEN_NO_MATCH",
            "request_parameters": null,
            "request_templates": {
              "application/json": "{\"statusCode\":200}"
            },
            "resource_id": "ym2rll",
            "rest_api_id": "1yd960srx9",
            "timeout_milliseconds": 29000,
            "tls_config": [],
            "type": "MOCK",
            "uri": ""
          },
          "sensitive_attributes": [],
          "identity_schema_version": 0,
          "private": "bnVsbA==",
          "dependencies": [
            "data.aws_caller_identity.current",
            "module.get_words_lambda.aws_iam_role.execution_role",
            "module.get_words_lambda.aws_lambda_function.function",
            "module.get_words_lambda.aws_s3_object.s3_upload",
            "module.get_words_lambda.data.archive_file.zip",
            "module.id_status_table.aws_dynamodb_table.table",
            "module.user_api_gw.aws_api_gateway_resource.resources",
            "module.user_api_gw.aws_api_gateway_rest_api.api",
            "module.user_api_gw.module.api_lambda_integration.aws_api_gateway_method.options_method",
            "module.word_bank_table.aws_dynamodb_table.table"
          ],
          "create_before_destroy": true
        }
      ]
    },
    {
      "module": "module.user_api_gw.module.api_lambda_integration[\"get-words\"]",
      "mode": "managed",
      "type": "aws_api_gateway_integration_response",
      "name": "integration_response",
      "provider": "provider[\"registry.terraform.io/hashicorp/aws\"]",
      "instances": [
        {
          "schema_version": 0,
          "attributes": {
            "content_handling": "",
            "http_method": "GET",
            "id": "agir-1yd960srx9-ym2rll-GET-200",
            "resource_id": "ym2rll",
            "response_parameters": {
              "method.response.header.Access-Control-Allow-Origin": "'*'"
            },
            "response_templates": null,
            "rest_api_id": "1yd960srx9",
            "selection_pattern": "",
            "status_code": "200"
          },
          "sensitive_attributes": [],
          "identity_schema_version": 0,
          "private": "bnVsbA==",
          "dependencies": [
            "data.aws_caller_identity.current",
            "module.get_words_lambda.aws_iam_role.execution_role",
            "module.get_words_lambda.aws_lambda_function.function",
            "module.get_words_lambda.aws_s3_object.s3_upload",
            "module.get_words_lambda.data.archive_file.zip",
            "module.id_status_table.aws_dynamodb_table.table",
            "module.user_api_gw.aws_api_gateway_resource.resources",
            "module.user_api_gw.aws_api_gateway_rest_api.api",
            "module.user_api_gw.module.api_lambda_integration.aws_api_gateway_integration.lambda_integration",
            "module.user_api_gw.module.api_lambda_integration.aws_api_gateway_method.method",
            "module.user_api_gw.module.api_lambda_integration.aws_api_gateway_method_response.response_200",
            "module.word_bank_table.aws_dynamodb_table.table"
          ],
          "create_before_destroy": true
        }
      ]
    },
    {
      "module": "module.user_api_gw.module.api_lambda_integration[\"get-words\"]",
      "mode": "managed",
      "type": "aws_api_gateway_integration_response",
      "name": "options_integration_response",
      "provider": "provider[\"registry.terraform.io/hashicorp/aws\"]",
      "instances": [
        {
          "index_key": 0,
          "schema_version": 0,
          "attributes": {
            "content_handling": "",
            "http_method": "OPTIONS",
            "id": "agir-1yd960srx9-ym2rll-OPTIONS-200",
            "resource_id": "ym2rll",
            "response_parameters": {
              "method.response.header.Access-Control-Allow-Headers": "'Content-Type,X-Amz-Date,Authorization,X-Api-Key,X-Amz-Security-Token,X-Requested-With'",
              "method.response.header.Access-Control-Allow-Methods": "'OPTIONS,POST'",
              "method.response.header.Access-Control-Allow-Origin": "'*'"
            },
            "response_templates": null,
            "rest_api_id": "1yd960srx9",
            "selection_pattern": "",
            "status_code": "200"
          },
          "sensitive_attributes": [],
          "identity_schema_version": 0,
          "private": "bnVsbA==",
          "dependencies": [
            "data.aws_caller_identity.current",
            "module.get_words_lambda.aws_iam_role.execution_role",
            "module.get_words_lambda.aws_lambda_function.function",
            "module.get_words_lambda.aws_s3_object.s3_upload",
            "module.get_words_lambda.data.archive_file.zip",
            "module.id_status_table.aws_dynamodb_table.table",
            "module.user_api_gw.aws_api_gateway_resource.resources",
            "module.user_api_gw.aws_api_gateway_rest_api.api",
            "module.user_api_gw.module.api_lambda_integration.aws_api_gateway_integration.options_integration",
            "module.user_api_gw.module.api_lambda_integration.aws_api_gateway_method.options_method",
            "module.user_api_gw.module.api_lambda_integration.aws_api_gateway_method_response.options_200",
            "module.word_bank_table.aws_dynamodb_table.table"
          ],
          "create_before_destroy": true
        }
      ]
    },
    {
      "module": "module.user_api_gw.module.api_lambda_integration[\"get-words\"]",
      "mode": "managed",
      "type": "aws_api_gateway_method",
      "name": "method",
      "provider": "provider[\"registry.terraform.io/hashicorp/aws\"]",
      "instances": [
        {
          "schema_version": 0,
          "attributes": {
            "api_key_required": false,
            "authorization": "NONE",
            "authorization_scopes": null,
            "authorizer_id": null,
            "http_method": "GET",
            "id": "agm-1yd960srx9-ym2rll-GET",
            "operation_name": null,
            "request_models": null,
            "request_parameters": {
              "method.request.header.Authorization": false,
              "method.request.header.Content-Type": false,
              "method.request.header.X-Requested-With": false,
              "method.request.header.X-User-ID": false
            },
            "request_validator_id": null,
            "resource_id": "ym2rll",
            "rest_api_id": "1yd960srx9"
          },
          "sensitive_attributes": [],
          "identity_schema_version": 0,
          "private": "bnVsbA==",
          "dependencies": [
            "data.aws_caller_identity.current",
            "module.get_words_lambda.aws_iam_role.execution_role",
            "module.get_words_lambda.aws_lambda_function.function",
            "module.get_words_lambda.aws_s3_object.s3_upload",
            "module.get_words_lambda.data.archive_file.zip",
            "module.id_status_table.aws_dynamodb_table.table",
            "module.user_api_gw.aws_api_gateway_resource.resources",
            "module.user_api_gw.aws_api_gateway_rest_api.api",
            "module.word_bank_table.aws_dynamodb_table.table"
          ],
          "create_before_destroy": true
        }
      ]
    },
    {
      "module": "module.user_api_gw.module.api_lambda_integration[\"get-words\"]",
      "mode": "managed",
      "type": "aws_api_gateway_method",
      "name": "options_method",
      "provider": "provider[\"registry.terraform.io/hashicorp/aws\"]",
      "instances": [
        {
          "index_key": 0,
          "schema_version": 0,
          "attributes": {
            "api_key_required": false,
            "authorization": "NONE",
            "authorization_scopes": null,
            "authorizer_id": null,
            "http_method": "OPTIONS",
            "id": "agm-1yd960srx9-ym2rll-OPTIONS",
            "operation_name": null,
            "request_models": null,
            "request_parameters": {
              "method.request.header.Authorization": false,
              "method.request.header.Content-Type": false,
              "method.request.header.X-User-ID": false
            },
            "request_validator_id": null,
            "resource_id": "ym2rll",
            "rest_api_id": "1yd960srx9"
          },
          "sensitive_attributes": [],
          "identity_schema_version": 0,
          "private": "bnVsbA==",
          "dependencies": [
            "data.aws_caller_identity.current",
            "module.get_words_lambda.aws_iam_role.execution_role",
            "module.get_words_lambda.aws_lambda_function.function",
            "module.get_words_lambda.aws_s3_object.s3_upload",
            "module.get_words_lambda.data.archive_file.zip",
            "module.id_status_table.aws_dynamodb_table.table",
            "module.user_api_gw.aws_api_gateway_resource.resources",
            "module.user_api_gw.aws_api_gateway_rest_api.api",
            "module.word_bank_table.aws_dynamodb_table.table"
          ],
          "create_before_destroy": true
        }
      ]
    },
    {
      "module": "module.user_api_gw.module.api_lambda_integration[\"get-words\"]",
      "mode": "managed",
      "type": "aws_api_gateway_method_response",
      "name": "options_200",
      "provider": "provider[\"registry.terraform.io/hashicorp/aws\"]",
      "instances": [
        {
          "index_key": 0,
          "schema_version": 0,
          "attributes": {
            "http_method": "OPTIONS",
            "id": "agmr-1yd960srx9-ym2rll-OPTIONS-200",
            "resource_id": "ym2rll",
            "response_models": {
              "application/json": "Empty"
            },
            "response_parameters": {
              "method.response.header.Access-Control-Allow-Headers": true,
              "method.response.header.Access-Control-Allow-Methods": true,
              "method.response.header.Access-Control-Allow-Origin": true
            },
            "rest_api_id": "1yd960srx9",
            "status_code": "200"
          },
          "sensitive_attributes": [],
          "identity_schema_version": 0,
          "private": "bnVsbA==",
          "dependencies": [
            "data.aws_caller_identity.current",
            "module.get_words_lambda.aws_iam_role.execution_role",
            "module.get_words_lambda.aws_lambda_function.function",
            "module.get_words_lambda.aws_s3_object.s3_upload",
            "module.get_words_lambda.data.archive_file.zip",
            "module.id_status_table.aws_dynamodb_table.table",
            "module.user_api_gw.aws_api_gateway_resource.resources",
            "module.user_api_gw.aws_api_gateway_rest_api.api",
            "module.user_api_gw.module.api_lambda_integration.aws_api_gateway_method.options_method",
            "module.word_bank_table.aws_dynamodb_table.table"
          ],
          "create_before_destroy": true
        }
      ]
    },
    {
      "module": "module.user_api_gw.module.api_lambda_integration[\"get-words\"]",
      "mode": "managed",
      "type": "aws_api_gateway_method_response",
      "name": "response_200",
      "provider": "provider[\"registry.terraform.io/hashicorp/aws\"]",
      "instances": [
        {
          "schema_version": 0,
          "attributes": {
            "http_method": "GET",
            "id": "agmr-1yd960srx9-ym2rll-GET-200",
            "resource_id": "ym2rll",
            "response_models": {
              "application/json": "Empty"
            },
            "response_parameters": {
              "method.response.header.Access-Control-Allow-Headers": true,
              "method.response.header.Access-Control-Allow-Methods": true,
              "method.response.header.Access-Control-Allow-Origin": true
            },
            "rest_api_id": "1yd960srx9",
            "status_code": "200"
          },
          "sensitive_attributes": [],
          "identity_schema_version": 0,
          "private": "bnVsbA==",
          "dependencies": [
            "data.aws_caller_identity.current",
            "module.get_words_lambda.aws_iam_role.execution_role",
            "module.get_words_lambda.aws_lambda_function.function",
            "module.get_words_lambda.aws_s3_object.s3_upload",
            "module.get_words_lambda.data.archive_file.zip",
            "module.id_status_table.aws_dynamodb_table.table",
            "module.user_api_gw.aws_api_gateway_resource.resources",
            "module.user_api_gw.aws_api_gateway_rest_api.api",
            "module.user_api_gw.module.api_lambda_integration.aws_api_gateway_integration.lambda_integration",
            "module.user_api_gw.module.api_lambda_integration.aws_api_gateway_method.method",
            "module.word_bank_table.aws_dynamodb_table.table"
          ],
          "create_before_destroy": true
        }
      ]
    },
    {
      "module": "module.user_api_gw.module.api_lambda_integration[\"get-words\"]",
      "mode": "managed",
      "type": "aws_lambda_permission",
      "name": "api_gateway_integration",
      "provider": "provider[\"registry.terraform.io/hashicorp/aws\"]",
      "instances": [
        {
          "schema_version": 0,
          "attributes": {
            "action": "lambda:InvokeFunction",
            "event_source_token": null,
            "function_name": "prod-get-words-lambda",
            "function_url_auth_type": null,
            "id": "AllowAPIGatewayInvokeIntegration-1yd960srx9-ym2rll",
            "principal": "apigateway.amazonaws.com",
            "principal_org_id": null,
            "qualifier": "",
            "source_account": null,
            "source_arn": "arn:aws:execute-api:us-west-1:211125619133:1yd960srx9/*",
            "statement_id": "AllowAPIGatewayInvokeIntegration-1yd960srx9-ym2rll",
            "statement_id_prefix": ""
          },
          "sensitive_attributes": [],
          "identity_schema_version": 0,
          "private": "bnVsbA==",
          "dependencies": [
            "data.aws_caller_identity.current",
            "module.get_words_lambda.aws_iam_role.execution_role",
            "module.get_words_lambda.aws_lambda_function.function",
            "module.get_words_lambda.aws_s3_object.s3_upload",
            "module.get_words_lambda.data.archive_file.zip",
            "module.id_status_table.aws_dynamodb_table.table",
            "module.user_api_gw.aws_api_gateway_resource.resources",
            "module.user_api_gw.aws_api_gateway_rest_api.api",
            "module.user_api_gw.module.api_lambda_integration.aws_api_gateway_method.method",
            "module.word_bank_table.aws_dynamodb_table.table"
          ],
          "create_before_destroy": true
        }
      ]
    },
    {
      "module": "module.word_bank_ingestion_lambda",
      "mode": "data",
      "type": "archive_file",
      "name": "zip",
      "provider": "provider[\"registry.terraform.io/hashicorp/archive\"]",
      "instances": [
        {
          "index_key": 0,
          "schema_version": 0,
          "attributes": {
            "exclude_symlink_directories": null,
            "excludes": [
              "*.zip"
            ],
            "id": "e2618ac5d97e49747780db65fa07dbcf06721a5e",
            "output_base64sha256": "99EusfOp/IH0ZPnpOp9nKrQbqGYBrFqGz251YqqnKZE=",
            "output_base64sha512": "qe4wYJiDJSeADNT5W0nNNWZZ7VZGByOGUZgU55Axd0Dy+tXiiVgD6gIhmZ58WFQAjOee2x13B9hceGK0L1gbeQ==",
            "output_file_mode": null,
            "output_md5": "b12754aac7faf873960ee114fc1f4048",
            "output_path": "./../lambda_functions/build/word_bank_ingestion/word_bank_ingestion.zip",
            "output_sha": "e2618ac5d97e49747780db65fa07dbcf06721a5e",
            "output_sha256": "f7d12eb1f3a9fc81f464f9e93a9f672ab41ba86601ac5a86cf6e7562aaa72991",
            "output_sha512": "a9ee306098832527800cd4f95b49cd356659ed5646072386519814e790317740f2fad5e2895803ea0221999e7c5854008ce79edb1d7707d85c7862b42f581b79",
            "output_size": 5002,
            "source": [],
            "source_content": null,
            "source_content_filename": null,
            "source_dir": "./../lambda_functions/dist/word_bank_ingestion",
            "source_file": null,
            "type": "zip"
          },
          "sensitive_attributes": [],
          "identity_schema_version": 0
        }
      ]
    },
    {
      "module": "module.word_bank_ingestion_lambda",
      "mode": "managed",
      "type": "aws_cloudwatch_log_group",
      "name": "lambda_log_group",
      "provider": "provider[\"registry.terraform.io/hashicorp/aws\"]",
      "instances": [
        {
          "schema_version": 0,
          "attributes": {
            "arn": "arn:aws:logs:us-west-1:211125619133:log-group:/aws/lambda/prod-word-bank-ingestion-lambda",
            "id": "/aws/lambda/prod-word-bank-ingestion-lambda",
            "kms_key_id": "",
            "log_group_class": "STANDARD",
            "name": "/aws/lambda/prod-word-bank-ingestion-lambda",
            "name_prefix": "",
            "retention_in_days": 7,
            "skip_destroy": false,
            "tags": {
              "Developer": "Jeremy Quinto",
              "Environment": "prod",
              "Name": "prod-word-bank-ingestion-lambda",
              "Namespace": "jeremy",
              "Owner": "Jeremy Quinto",
              "Project": "sonanyms",
              "Stage": "prod"
            },
            "tags_all": {
              "Developer": "Jeremy Quinto",
              "Environment": "prod",
              "Name": "prod-word-bank-ingestion-lambda",
              "Namespace": "jeremy",
              "Owner": "Jeremy Quinto",
              "Project": "sonanyms",
              "Stage": "prod"
            }
          },
          "sensitive_attributes": [],
          "identity_schema_version": 0,
          "private": "bnVsbA=="
        }
      ]
    },
    {
      "module": "module.word_bank_ingestion_lambda",
      "mode": "managed",
      "type": "aws_iam_role",
      "name": "execution_role",
      "provider": "provider[\"registry.terraform.io/hashicorp/aws\"]",
      "instances": [
        {
          "schema_version": 0,
          "attributes": {
            "arn": "arn:aws:iam::211125619133:role/prod-word-bank-ingestion-lambda-exec-role",
            "assume_role_policy": "{\"Statement\":[{\"Action\":\"sts:AssumeRole\",\"Effect\":\"Allow\",\"Principal\":{\"Service\":\"lambda.amazonaws.com\"}}],\"Version\":\"2012-10-17\"}",
            "create_date": "2025-10-14T19:27:40Z",
            "description": "Execution role for Lambda function prod-word-bank-ingestion-lambda",
            "force_detach_policies": false,
            "id": "prod-word-bank-ingestion-lambda-exec-role",
            "inline_policy": [],
            "managed_policy_arns": [
              "arn:aws:iam::211125619133:policy/word-bank-ingestion-policy",
              "arn:aws:iam::aws:policy/service-role/AWSLambdaBasicExecutionRole"
            ],
            "max_session_duration": 3600,
            "name": "prod-word-bank-ingestion-lambda-exec-role",
            "name_prefix": "",
            "path": "/",
            "permissions_boundary": "",
            "tags": {
              "Developer": "Jeremy Quinto",
              "Environment": "prod",
              "Name": "prod-word-bank-ingestion-lambda-exec-role",
              "Namespace": "jeremy",
              "Owner": "Jeremy Quinto",
              "Project": "sonanyms",
              "Stage": "prod"
            },
            "tags_all": {
              "Developer": "Jeremy Quinto",
              "Environment": "prod",
              "Name": "prod-word-bank-ingestion-lambda-exec-role",
              "Namespace": "jeremy",
              "Owner": "Jeremy Quinto",
              "Project": "sonanyms",
              "Stage": "prod"
            },
            "unique_id": "AROATCKARJG6UUNGWS3CM"
          },
          "sensitive_attributes": [],
          "identity_schema_version": 0,
          "private": "bnVsbA=="
        }
      ]
    },
    {
      "module": "module.word_bank_ingestion_lambda",
      "mode": "managed",
      "type": "aws_iam_role_policy_attachment",
      "name": "lambda_basic_execution_role",
      "provider": "provider[\"registry.terraform.io/hashicorp/aws\"]",
      "instances": [
        {
          "schema_version": 0,
          "attributes": {
            "id": "prod-word-bank-ingestion-lambda-exec-role-20251014192740197200000001",
            "policy_arn": "arn:aws:iam::aws:policy/service-role/AWSLambdaBasicExecutionRole",
            "role": "prod-word-bank-ingestion-lambda-exec-role"
          },
          "sensitive_attributes": [],
          "identity_schema_version": 0,
          "private": "bnVsbA==",
          "dependencies": [
            "module.word_bank_ingestion_lambda.aws_iam_role.execution_role"
          ]
        }
      ]
    },
    {
      "module": "module.word_bank_ingestion_lambda",
      "mode": "managed",
      "type": "aws_lambda_function",
      "name": "function",
      "provider": "provider[\"registry.terraform.io/hashicorp/aws\"]",
      "instances": [
        {
          "schema_version": 0,
          "attributes": {
            "architectures": [
              "x86_64"
            ],
            "arn": "arn:aws:lambda:us-west-1:211125619133:function:prod-word-bank-ingestion-lambda",
            "code_sha256": "99EusfOp/IH0ZPnpOp9nKrQbqGYBrFqGz251YqqnKZE=",
            "code_signing_config_arn": "",
            "dead_letter_config": [],
            "description": "",
            "environment": [
              {
                "variables": {
                  "AWS_ACCOUNT_ID": "211125619133",
                  "ENV": "prod",
                  "ID_STATUS_TABLE_NAME": "prod-sonanyms-status-table",
                  "REGION": "us-west-1",
                  "WORD_BANK_TABLE_NAME": "prod-sonanyms-word-bank-table"
                }
              }
            ],
            "ephemeral_storage": [
              {
                "size": 512
              }
            ],
            "file_system_config": [],
            "filename": "./../lambda_functions/build/word_bank_ingestion/word_bank_ingestion.zip",
            "function_name": "prod-word-bank-ingestion-lambda",
            "handler": "handler.handler",
            "id": "prod-word-bank-ingestion-lambda",
            "image_config": [],
            "image_uri": "",
            "invoke_arn": "arn:aws:apigateway:us-west-1:lambda:path/2015-03-31/functions/arn:aws:lambda:us-west-1:211125619133:function:prod-word-bank-ingestion-lambda/invocations",
            "kms_key_arn": "",
            "last_modified": "2025-10-14T19:41:14.000+0000",
            "layers": [
              "arn:aws:lambda:us-west-1:211125619133:layer:prod-shared-layer:1"
            ],
            "logging_config": [
              {
                "application_log_level": "",
                "log_format": "Text",
                "log_group": "/aws/lambda/prod-word-bank-ingestion-lambda",
                "system_log_level": ""
              }
            ],
            "memory_size": 256,
            "package_type": "Zip",
            "publish": false,
            "qualified_arn": "arn:aws:lambda:us-west-1:211125619133:function:prod-word-bank-ingestion-lambda:$LATEST",
            "qualified_invoke_arn": "arn:aws:apigateway:us-west-1:lambda:path/2015-03-31/functions/arn:aws:lambda:us-west-1:211125619133:function:prod-word-bank-ingestion-lambda:$LATEST/invocations",
            "replace_security_groups_on_destroy": null,
            "replacement_security_group_ids": null,
            "reserved_concurrent_executions": -1,
            "role": "arn:aws:iam::211125619133:role/prod-word-bank-ingestion-lambda-exec-role",
            "runtime": "nodejs20.x",
            "s3_bucket": null,
            "s3_key": null,
            "s3_object_version": null,
            "signing_job_arn": "",
            "signing_profile_version_arn": "",
            "skip_destroy": false,
            "snap_start": [],
            "source_code_hash": "99EusfOp/IH0ZPnpOp9nKrQbqGYBrFqGz251YqqnKZE=",
            "source_code_size": 5002,
            "tags": {},
            "tags_all": {},
            "timeout": 60,
            "timeouts": null,
            "tracing_config": [
              {
                "mode": "PassThrough"
              }
            ],
            "version": "$LATEST",
            "vpc_config": []
          },
          "sensitive_attributes": [],
          "identity_schema_version": 0,
          "private": "eyJlMmJmYjczMC1lY2FhLTExZTYtOGY4OC0zNDM2M2JjN2M0YzAiOnsiY3JlYXRlIjo2MDAwMDAwMDAwMDAsImRlbGV0ZSI6NjAwMDAwMDAwMDAwLCJ1cGRhdGUiOjYwMDAwMDAwMDAwMH19",
          "dependencies": [
            "data.aws_caller_identity.current",
            "module.id_status_table.aws_dynamodb_table.table",
            "module.shared_lambda_layer.aws_lambda_layer_version.version",
            "module.shared_lambda_layer.aws_s3_object.s3_upload",
            "module.shared_lambda_layer.data.archive_file.zip",
            "module.word_bank_ingestion_lambda.aws_iam_role.execution_role",
            "module.word_bank_ingestion_lambda.aws_s3_object.s3_upload",
            "module.word_bank_ingestion_lambda.data.archive_file.zip",
            "module.word_bank_table.aws_dynamodb_table.table"
          ]
        }
      ]
    },
    {
      "module": "module.word_bank_table",
      "mode": "managed",
      "type": "aws_dynamodb_table",
      "name": "table",
      "provider": "provider[\"registry.terraform.io/hashicorp/aws\"]",
      "instances": [
        {
          "schema_version": 1,
          "attributes": {
            "arn": "arn:aws:dynamodb:us-west-1:211125619133:table/prod-sonanyms-word-bank-table",
            "attribute": [
              {
                "name": "word_id",
                "type": "N"
              }
            ],
            "billing_mode": "PAY_PER_REQUEST",
            "deletion_protection_enabled": false,
            "global_secondary_index": [],
            "hash_key": "word_id",
            "id": "prod-sonanyms-word-bank-table",
            "import_table": [],
            "local_secondary_index": [],
            "name": "prod-sonanyms-word-bank-table",
            "on_demand_throughput": [],
            "point_in_time_recovery": [
              {
                "enabled": false
              }
            ],
            "range_key": null,
            "read_capacity": 0,
            "replica": [],
            "restore_date_time": null,
            "restore_source_name": null,
            "restore_source_table_arn": null,
            "restore_to_latest_time": null,
            "server_side_encryption": [],
            "stream_arn": "",
            "stream_enabled": false,
            "stream_label": "",
            "stream_view_type": "",
            "table_class": "STANDARD",
            "tags": {
              "Developer": "Jeremy Quinto",
              "Environment": "prod",
              "Name": "prod-sonanyms-word-bank-table",
              "Namespace": "jeremy",
              "Owner": "Jeremy Quinto",
              "Project": "sonanyms",
              "Stage": "prod"
            },
            "tags_all": {
              "Developer": "Jeremy Quinto",
              "Environment": "prod",
              "Name": "prod-sonanyms-word-bank-table",
              "Namespace": "jeremy",
              "Owner": "Jeremy Quinto",
              "Project": "sonanyms",
              "Stage": "prod"
            },
            "timeouts": null,
            "ttl": [
              {
                "attribute_name": "",
                "enabled": false
              }
            ],
            "write_capacity": 0
          },
          "sensitive_attributes": [],
          "identity_schema_version": 0,
          "private": "eyJlMmJmYjczMC1lY2FhLTExZTYtOGY4OC0zNDM2M2JjN2M0YzAiOnsiY3JlYXRlIjoxODAwMDAwMDAwMDAwLCJkZWxldGUiOjYwMDAwMDAwMDAwMCwidXBkYXRlIjozNjAwMDAwMDAwMDAwfSwic2NoZW1hX3ZlcnNpb24iOiIxIn0=",
          "create_before_destroy": true
        }
      ]
    }
  ],
  "check_results": [
    {
      "object_kind": "var",
      "config_addr": "module.word_bank_table.var.read_capacity",
      "status": "pass",
      "objects": [
        {
          "object_addr": "module.word_bank_table.var.read_capacity",
          "status": "pass"
        }
      ]
    },
    {
      "object_kind": "var",
      "config_addr": "module.null_label.var.context",
      "status": "pass",
      "objects": [
        {
          "object_addr": "module.null_label.var.context",
          "status": "pass"
        }
      ]
    },
    {
      "object_kind": "var",
      "config_addr": "module.get_words_lambda.var.source_dir",
      "status": "pass",
      "objects": [
        {
          "object_addr": "module.get_words_lambda.var.source_dir",
          "status": "pass"
        }
      ]
    },
    {
      "object_kind": "var",
      "config_addr": "module.shared_lambda_layer.var.s3_object_version",
      "status": "pass",
      "objects": [
        {
          "object_addr": "module.shared_lambda_layer.var.s3_object_version",
          "status": "pass"
        }
      ]
    },
    {
      "object_kind": "var",
      "config_addr": "module.word_bank_ingestion_lambda.module.label_lambda_exec_role.var.id_length_limit",
      "status": "pass",
      "objects": [
        {
          "object_addr": "module.word_bank_ingestion_lambda.module.label_lambda_exec_role.var.id_length_limit",
          "status": "pass"
        }
      ]
    },
    {
      "object_kind": "var",
      "config_addr": "module.get_words_lambda.var.s3_bucket",
      "status": "pass",
      "objects": [
        {
          "object_addr": "module.get_words_lambda.var.s3_bucket",
          "status": "pass"
        }
      ]
    },
    {
      "object_kind": "var",
      "config_addr": "module.word_bank_ingestion_lambda.var.s3_bucket",
      "status": "pass",
      "objects": [
        {
          "object_addr": "module.word_bank_ingestion_lambda.var.s3_bucket",
          "status": "pass"
        }
      ]
    },
    {
      "object_kind": "var",
      "config_addr": "module.word_bank_ingestion_lambda.module.label_lambda.var.id_length_limit",
      "status": "pass",
      "objects": [
        {
          "object_addr": "module.word_bank_ingestion_lambda.module.label_lambda.var.id_length_limit",
          "status": "pass"
        }
      ]
    },
    {
      "object_kind": "var",
      "config_addr": "module.word_bank_ingestion_lambda.var.subnet_ids",
      "status": "pass",
      "objects": [
        {
          "object_addr": "module.word_bank_ingestion_lambda.var.subnet_ids",
          "status": "pass"
        }
      ]
    },
    {
      "object_kind": "var",
      "config_addr": "module.id_status_table.module.label_dynamodb.var.label_value_case",
      "status": "pass",
      "objects": [
        {
          "object_addr": "module.id_status_table.module.label_dynamodb.var.label_value_case",
          "status": "pass"
        }
      ]
    },
    {
      "object_kind": "var",
      "config_addr": "module.word_bank_ingestion_lambda.var.zip_project",
      "status": "pass",
      "objects": [
        {
          "object_addr": "module.word_bank_ingestion_lambda.var.zip_project",
          "status": "pass"
        }
      ]
    },
    {
      "object_kind": "var",
      "config_addr": "module.word_bank_table.module.label_dynamodb.var.id_length_limit",
      "status": "pass",
      "objects": [
        {
          "object_addr": "module.word_bank_table.module.label_dynamodb.var.id_length_limit",
          "status": "pass"
        }
      ]
    },
    {
      "object_kind": "var",
      "config_addr": "module.word_bank_ingestion_lambda.var.security_group_ids",
      "status": "pass",
      "objects": [
        {
          "object_addr": "module.word_bank_ingestion_lambda.var.security_group_ids",
          "status": "pass"
        }
      ]
    },
    {
      "object_kind": "var",
      "config_addr": "module.word_bank_table.module.label_dynamodb.var.context",
      "status": "pass",
      "objects": [
        {
          "object_addr": "module.word_bank_table.module.label_dynamodb.var.context",
          "status": "pass"
        }
      ]
    },
    {
      "object_kind": "var",
      "config_addr": "module.word_bank_table.module.label_dynamodb.var.label_value_case",
      "status": "pass",
      "objects": [
        {
          "object_addr": "module.word_bank_table.module.label_dynamodb.var.label_value_case",
          "status": "pass"
        }
      ]
    },
    {
      "object_kind": "var",
      "config_addr": "module.get_words_lambda.module.label_lambda.var.label_value_case",
      "status": "pass",
      "objects": [
        {
          "object_addr": "module.get_words_lambda.module.label_lambda.var.label_value_case",
          "status": "pass"
        }
      ]
    },
    {
      "object_kind": "var",
      "config_addr": "module.word_bank_ingestion_lambda.module.label_lambda.var.label_key_case",
      "status": "pass",
      "objects": [
        {
          "object_addr": "module.word_bank_ingestion_lambda.module.label_lambda.var.label_key_case",
          "status": "pass"
        }
      ]
    },
    {
      "object_kind": "var",
      "config_addr": "module.word_bank_ingestion_lambda.var.build_image",
      "status": "pass",
      "objects": [
        {
          "object_addr": "module.word_bank_ingestion_lambda.var.build_image",
          "status": "pass"
        }
      ]
    },
    {
      "object_kind": "var",
      "config_addr": "module.id_status_table.module.label_dynamodb.var.context",
      "status": "pass",
      "objects": [
        {
          "object_addr": "module.id_status_table.module.label_dynamodb.var.context",
          "status": "pass"
        }
      ]
    },
    {
      "object_kind": "var",
      "config_addr": "module.user_api_gw.module.label_apigw_usageplan.var.id_length_limit",
      "status": "pass",
      "objects": [
        {
          "object_addr": "module.user_api_gw.module.label_apigw_usageplan.var.id_length_limit",
          "status": "pass"
        }
      ]
    },
    {
      "object_kind": "var",
      "config_addr": "module.word_bank_table.var.billing_mode",
      "status": "pass",
      "objects": [
        {
          "object_addr": "module.word_bank_table.var.billing_mode",
          "status": "pass"
        }
      ]
    },
    {
      "object_kind": "var",
      "config_addr": "module.shared_lambda_layer.var.zip_project",
      "status": "pass",
      "objects": [
        {
          "object_addr": "module.shared_lambda_layer.var.zip_project",
          "status": "pass"
        }
      ]
    },
    {
      "object_kind": "var",
      "config_addr": "module.user_api_gw.module.label_apigw.var.label_key_case",
      "status": "pass",
      "objects": [
        {
          "object_addr": "module.user_api_gw.module.label_apigw.var.label_key_case",
          "status": "pass"
        }
      ]
    },
    {
      "object_kind": "var",
      "config_addr": "module.word_bank_ingestion_lambda.var.deployment_type",
      "status": "pass",
      "objects": [
        {
          "object_addr": "module.word_bank_ingestion_lambda.var.deployment_type",
          "status": "pass"
        }
      ]
    },
    {
      "object_kind": "var",
      "config_addr": "module.id_status_table.module.label_dynamodb.var.label_key_case",
      "status": "pass",
      "objects": [
        {
          "object_addr": "module.id_status_table.module.label_dynamodb.var.label_key_case",
          "status": "pass"
        }
      ]
    },
    {
      "object_kind": "var",
      "config_addr": "module.get_words_lambda.var.create_sg",
      "status": "pass",
      "objects": [
        {
          "object_addr": "module.get_words_lambda.var.create_sg",
          "status": "pass"
        }
      ]
    },
    {
      "object_kind": "var",
      "config_addr": "module.word_bank_ingestion_lambda.module.label_lambda_exec_role.var.context",
      "status": "pass",
      "objects": [
        {
          "object_addr": "module.word_bank_ingestion_lambda.module.label_lambda_exec_role.var.context",
          "status": "pass"
        }
      ]
    },
    {
      "object_kind": "var",
      "config_addr": "module.get_words_lambda.var.log_retention_days",
      "status": "pass",
      "objects": [
        {
          "object_addr": "module.get_words_lambda.var.log_retention_days",
          "status": "pass"
        }
      ]
    },
    {
      "object_kind": "var",
      "config_addr": "module.user_api_gw.module.label_apigw_apikey.var.label_value_case",
      "status": "pass",
      "objects": [
        {
          "object_addr": "module.user_api_gw.module.label_apigw_apikey.var.label_value_case",
          "status": "pass"
        }
      ]
    },
    {
      "object_kind": "var",
      "config_addr": "module.user_api_gw.module.main_ctx.var.id_length_limit",
      "status": "pass",
      "objects": [
        {
          "object_addr": "module.user_api_gw.module.main_ctx.var.id_length_limit",
          "status": "pass"
        }
      ]
    },
    {
      "object_kind": "var",
      "config_addr": "module.s3_bucket.module.label_bucket.var.label_value_case",
      "status": "pass",
      "objects": [
        {
          "object_addr": "module.s3_bucket.module.label_bucket.var.label_value_case",
          "status": "pass"
        }
      ]
    },
    {
      "object_kind": "var",
      "config_addr": "module.s3_bucket.module.label_bucket.var.label_key_case",
      "status": "pass",
      "objects": [
        {
          "object_addr": "module.s3_bucket.module.label_bucket.var.label_key_case",
          "status": "pass"
        }
      ]
    },
    {
      "object_kind": "var",
      "config_addr": "module.get_words_lambda.module.label_lambda.var.context",
      "status": "pass",
      "objects": [
        {
          "object_addr": "module.get_words_lambda.module.label_lambda.var.context",
          "status": "pass"
        }
      ]
    },
    {
      "object_kind": "var",
      "config_addr": "module.shared_lambda_layer.var.deployment_type",
      "status": "pass",
      "objects": [
        {
          "object_addr": "module.shared_lambda_layer.var.deployment_type",
          "status": "pass"
        }
      ]
    },
    {
      "object_kind": "var",
      "config_addr": "module.user_api_gw.module.label_apigw_usageplan.var.label_key_case",
      "status": "pass",
      "objects": [
        {
          "object_addr": "module.user_api_gw.module.label_apigw_usageplan.var.label_key_case",
          "status": "pass"
        }
      ]
    },
    {
      "object_kind": "var",
      "config_addr": "module.get_words_lambda.var.zip_project",
      "status": "pass",
      "objects": [
        {
          "object_addr": "module.get_words_lambda.var.zip_project",
          "status": "pass"
        }
      ]
    },
    {
      "object_kind": "var",
      "config_addr": "module.shared_lambda_layer.var.architecture",
      "status": "pass",
      "objects": [
        {
          "object_addr": "module.shared_lambda_layer.var.architecture",
          "status": "pass"
        }
      ]
    },
    {
      "object_kind": "var",
      "config_addr": "module.get_words_lambda.var.s3_object_version",
      "status": "pass",
      "objects": [
        {
          "object_addr": "module.get_words_lambda.var.s3_object_version",
          "status": "pass"
        }
      ]
    },
    {
      "object_kind": "var",
      "config_addr": "module.word_bank_ingestion_lambda.var.s3_object_version",
      "status": "pass",
      "objects": [
        {
          "object_addr": "module.word_bank_ingestion_lambda.var.s3_object_version",
          "status": "pass"
        }
      ]
    },
    {
      "object_kind": "var",
      "config_addr": "module.null_label.var.label_key_case",
      "status": "pass",
      "objects": [
        {
          "object_addr": "module.null_label.var.label_key_case",
          "status": "pass"
        }
      ]
    },
    {
      "object_kind": "var",
      "config_addr": "module.shared_lambda_layer.module.label_layer.var.context",
      "status": "pass",
      "objects": [
        {
          "object_addr": "module.shared_lambda_layer.module.label_layer.var.context",
          "status": "pass"
        }
      ]
    },
    {
      "object_kind": "var",
      "config_addr": "module.word_bank_ingestion_lambda.var.filename",
      "status": "pass",
      "objects": [
        {
          "object_addr": "module.word_bank_ingestion_lambda.var.filename",
          "status": "pass"
        }
      ]
    },
    {
      "object_kind": "var",
      "config_addr": "module.shared_lambda_layer.module.label_layer.var.label_value_case",
      "status": "pass",
      "objects": [
        {
          "object_addr": "module.shared_lambda_layer.module.label_layer.var.label_value_case",
          "status": "pass"
        }
      ]
    },
    {
      "object_kind": "var",
      "config_addr": "module.user_api_gw.module.main_ctx.var.label_value_case",
      "status": "pass",
      "objects": [
        {
          "object_addr": "module.user_api_gw.module.main_ctx.var.label_value_case",
          "status": "pass"
        }
      ]
    },
    {
      "object_kind": "var",
      "config_addr": "module.user_api_gw.module.label_apigw_rest_api_label.var.context",
      "status": "pass",
      "objects": [
        {
          "object_addr": "module.user_api_gw.module.label_apigw_rest_api_label.var.context",
          "status": "pass"
        }
      ]
    },
    {
      "object_kind": "var",
      "config_addr": "module.s3_bucket.module.label_bucket.var.id_length_limit",
      "status": "pass",
      "objects": [
        {
          "object_addr": "module.s3_bucket.module.label_bucket.var.id_length_limit",
          "status": "pass"
        }
      ]
    },
    {
      "object_kind": "var",
      "config_addr": "module.user_api_gw.var.api_type",
      "status": "pass",
      "objects": [
        {
          "object_addr": "module.user_api_gw.var.api_type",
          "status": "pass"
        }
      ]
    },
    {
      "object_kind": "var",
      "config_addr": "module.word_bank_ingestion_lambda.var.source_dir",
      "status": "pass",
      "objects": [
        {
          "object_addr": "module.word_bank_ingestion_lambda.var.source_dir",
          "status": "pass"
        }
      ]
    },
    {
      "object_kind": "var",
      "config_addr": "module.word_bank_ingestion_lambda.var.log_retention_days",
      "status": "pass",
      "objects": [
        {
          "object_addr": "module.word_bank_ingestion_lambda.var.log_retention_days",
          "status": "pass"
        }
      ]
    },
    {
      "object_kind": "var",
      "config_addr": "module.word_bank_table.var.stream_view_type",
      "status": "pass",
      "objects": [
        {
          "object_addr": "module.word_bank_table.var.stream_view_type",
          "status": "pass"
        }
      ]
    },
    {
      "object_kind": "var",
      "config_addr": "module.user_api_gw.module.main_ctx.var.label_key_case",
      "status": "pass",
      "objects": [
        {
          "object_addr": "module.user_api_gw.module.main_ctx.var.label_key_case",
          "status": "pass"
        }
      ]
    },
    {
      "object_kind": "var",
      "config_addr": "module.word_bank_ingestion_lambda.var.build_path",
      "status": "pass",
      "objects": [
        {
          "object_addr": "module.word_bank_ingestion_lambda.var.build_path",
          "status": "pass"
        }
      ]
    },
    {
      "object_kind": "var",
      "config_addr": "module.s3_bucket.module.label_bucket.var.context",
      "status": "pass",
      "objects": [
        {
          "object_addr": "module.s3_bucket.module.label_bucket.var.context",
          "status": "pass"
        }
      ]
    },
    {
      "object_kind": "var",
      "config_addr": "module.word_bank_table.var.write_capacity",
      "status": "pass",
      "objects": [
        {
          "object_addr": "module.word_bank_table.var.write_capacity",
          "status": "pass"
        }
      ]
    },
    {
      "object_kind": "var",
      "config_addr": "module.get_words_lambda.var.subnet_ids",
      "status": "pass",
      "objects": [
        {
          "object_addr": "module.get_words_lambda.var.subnet_ids",
          "status": "pass"
        }
      ]
    },
    {
      "object_kind": "var",
      "config_addr": "module.null_label.var.label_value_case",
      "status": "pass",
      "objects": [
        {
          "object_addr": "module.null_label.var.label_value_case",
          "status": "pass"
        }
      ]
    },
    {
      "object_kind": "var",
      "config_addr": "module.user_api_gw.module.label_apigw_apikey.var.id_length_limit",
      "status": "pass",
      "objects": [
        {
          "object_addr": "module.user_api_gw.module.label_apigw_apikey.var.id_length_limit",
          "status": "pass"
        }
      ]
    },
    {
      "object_kind": "var",
      "config_addr": "module.word_bank_ingestion_lambda.module.label_lambda_exec_role.var.label_value_case",
      "status": "pass",
      "objects": [
        {
          "object_addr": "module.word_bank_ingestion_lambda.module.label_lambda_exec_role.var.label_value_case",
          "status": "pass"
        }
      ]
    },
    {
      "object_kind": "var",
      "config_addr": "module.shared_lambda_layer.module.label_layer.var.label_key_case",
      "status": "pass",
      "objects": [
        {
          "object_addr": "module.shared_lambda_layer.module.label_layer.var.label_key_case",
          "status": "pass"
        }
      ]
    },
    {
      "object_kind": "var",
      "config_addr": "module.word_bank_table.module.label_dynamodb.var.label_key_case",
      "status": "pass",
      "objects": [
        {
          "object_addr": "module.word_bank_table.module.label_dynamodb.var.label_key_case",
          "status": "pass"
        }
      ]
    },
    {
      "object_kind": "var",
      "config_addr": "module.id_status_table.module.label_dynamodb.var.id_length_limit",
      "status": "pass",
      "objects": [
        {
          "object_addr": "module.id_status_table.module.label_dynamodb.var.id_length_limit",
          "status": "pass"
        }
      ]
    },
    {
      "object_kind": "var",
      "config_addr": "module.shared_lambda_layer.var.s3_bucket",
      "status": "pass",
      "objects": [
        {
          "object_addr": "module.shared_lambda_layer.var.s3_bucket",
          "status": "pass"
        }
      ]
    },
    {
      "object_kind": "var",
      "config_addr": "module.word_bank_ingestion_lambda.var.create_sg",
      "status": "pass",
      "objects": [
        {
          "object_addr": "module.word_bank_ingestion_lambda.var.create_sg",
          "status": "pass"
        }
      ]
    },
    {
      "object_kind": "var",
      "config_addr": "module.user_api_gw.module.api_lambda_integration.var.authorizer_type",
      "status": "pass",
      "objects": [
        {
          "object_addr": "module.user_api_gw.module.api_lambda_integration[\"get-words\"].var.authorizer_type",
          "status": "pass"
        }
      ]
    },
    {
      "object_kind": "var",
      "config_addr": "module.user_api_gw.var.authorizer_type",
      "status": "pass",
      "objects": [
        {
          "object_addr": "module.user_api_gw.var.authorizer_type",
          "status": "pass"
        }
      ]
    },
    {
      "object_kind": "var",
      "config_addr": "module.get_words_lambda.var.build_path",
      "status": "pass",
      "objects": [
        {
          "object_addr": "module.get_words_lambda.var.build_path",
          "status": "pass"
        }
      ]
    },
    {
      "object_kind": "var",
      "config_addr": "module.get_words_lambda.var.upload_to_s3",
      "status": "pass",
      "objects": [
        {
          "object_addr": "module.get_words_lambda.var.upload_to_s3",
          "status": "pass"
        }
      ]
    },
    {
      "object_kind": "var",
      "config_addr": "module.get_words_lambda.module.label_lambda_exec_role.var.context",
      "status": "pass",
      "objects": [
        {
          "object_addr": "module.get_words_lambda.module.label_lambda_exec_role.var.context",
          "status": "pass"
        }
      ]
    },
    {
      "object_kind": "var",
      "config_addr": "module.get_words_lambda.var.security_group_ids",
      "status": "pass",
      "objects": [
        {
          "object_addr": "module.get_words_lambda.var.security_group_ids",
          "status": "pass"
        }
      ]
    },
    {
      "object_kind": "var",
      "config_addr": "module.user_api_gw.module.label_apigw_rest_api_label.var.label_key_case",
      "status": "pass",
      "objects": [
        {
          "object_addr": "module.user_api_gw.module.label_apigw_rest_api_label.var.label_key_case",
          "status": "pass"
        }
      ]
    },
    {
      "object_kind": "var",
      "config_addr": "module.user_api_gw.module.label_apigw_usageplan.var.context",
      "status": "pass",
      "objects": [
        {
          "object_addr": "module.user_api_gw.module.label_apigw_usageplan.var.context",
          "status": "pass"
        }
      ]
    },
    {
      "object_kind": "var",
      "config_addr": "module.user_api_gw.module.label_apigw.var.context",
      "status": "pass",
      "objects": [
        {
          "object_addr": "module.user_api_gw.module.label_apigw.var.context",
          "status": "pass"
        }
      ]
    },
    {
      "object_kind": "var",
      "config_addr": "module.word_bank_ingestion_lambda.module.label_lambda.var.context",
      "status": "pass",
      "objects": [
        {
          "object_addr": "module.word_bank_ingestion_lambda.module.label_lambda.var.context",
          "status": "pass"
        }
      ]
    },
    {
      "object_kind": "var",
      "config_addr": "module.shared_lambda_layer.var.source_dir",
      "status": "pass",
      "objects": [
        {
          "object_addr": "module.shared_lambda_layer.var.source_dir",
          "status": "pass"
        }
      ]
    },
    {
      "object_kind": "var",
      "config_addr": "module.word_bank_ingestion_lambda.var.upload_to_s3",
      "status": "pass",
      "objects": [
        {
          "object_addr": "module.word_bank_ingestion_lambda.var.upload_to_s3",
          "status": "pass"
        }
      ]
    },
    {
      "object_kind": "var",
      "config_addr": "module.user_api_gw.module.label_apigw_apikey.var.context",
      "status": "pass",
      "objects": [
        {
          "object_addr": "module.user_api_gw.module.label_apigw_apikey.var.context",
          "status": "pass"
        }
      ]
    },
    {
      "object_kind": "var",
      "config_addr": "module.get_words_lambda.module.label_lambda.var.label_key_case",
      "status": "pass",
      "objects": [
        {
          "object_addr": "module.get_words_lambda.module.label_lambda.var.label_key_case",
          "status": "pass"
        }
      ]
    },
    {
      "object_kind": "var",
      "config_addr": "module.get_words_lambda.module.label_lambda_exec_role.var.id_length_limit",
      "status": "pass",
      "objects": [
        {
          "object_addr": "module.get_words_lambda.module.label_lambda_exec_role.var.id_length_limit",
          "status": "pass"
        }
      ]
    },
    {
      "object_kind": "var",
      "config_addr": "module.user_api_gw.module.main_ctx.var.context",
      "status": "pass",
      "objects": [
        {
          "object_addr": "module.user_api_gw.module.main_ctx.var.context",
          "status": "pass"
        }
      ]
    },
    {
      "object_kind": "var",
      "config_addr": "module.word_bank_ingestion_lambda.var.platform",
      "status": "pass",
      "objects": [
        {
          "object_addr": "module.word_bank_ingestion_lambda.var.platform",
          "status": "pass"
        }
      ]
    },
    {
      "object_kind": "var",
      "config_addr": "module.get_words_lambda.module.label_lambda_exec_role.var.label_key_case",
      "status": "pass",
      "objects": [
        {
          "object_addr": "module.get_words_lambda.module.label_lambda_exec_role.var.label_key_case",
          "status": "pass"
        }
      ]
    },
    {
      "object_kind": "var",
      "config_addr": "module.id_status_table.var.write_capacity",
      "status": "pass",
      "objects": [
        {
          "object_addr": "module.id_status_table.var.write_capacity",
          "status": "pass"
        }
      ]
    },
    {
      "object_kind": "var",
      "config_addr": "module.id_status_table.var.stream_view_type",
      "status": "pass",
      "objects": [
        {
          "object_addr": "module.id_status_table.var.stream_view_type",
          "status": "pass"
        }
      ]
    },
    {
      "object_kind": "var",
      "config_addr": "module.user_api_gw.module.label_apigw_rest_api_label.var.id_length_limit",
      "status": "pass",
      "objects": [
        {
          "object_addr": "module.user_api_gw.module.label_apigw_rest_api_label.var.id_length_limit",
          "status": "pass"
        }
      ]
    },
    {
      "object_kind": "var",
      "config_addr": "module.get_words_lambda.module.label_lambda.var.id_length_limit",
      "status": "pass",
      "objects": [
        {
          "object_addr": "module.get_words_lambda.module.label_lambda.var.id_length_limit",
          "status": "pass"
        }
      ]
    },
    {
      "object_kind": "var",
      "config_addr": "module.shared_lambda_layer.module.label_layer.var.id_length_limit",
      "status": "pass",
      "objects": [
        {
          "object_addr": "module.shared_lambda_layer.module.label_layer.var.id_length_limit",
          "status": "pass"
        }
      ]
    },
    {
      "object_kind": "var",
      "config_addr": "module.user_api_gw.module.label_apigw.var.id_length_limit",
      "status": "pass",
      "objects": [
        {
          "object_addr": "module.user_api_gw.module.label_apigw.var.id_length_limit",
          "status": "pass"
        }
      ]
    },
    {
      "object_kind": "var",
      "config_addr": "module.shared_lambda_layer.var.build_path",
      "status": "pass",
      "objects": [
        {
          "object_addr": "module.shared_lambda_layer.var.build_path",
          "status": "pass"
        }
      ]
    },
    {
      "object_kind": "var",
      "config_addr": "module.shared_lambda_layer.var.filename",
      "status": "pass",
      "objects": [
        {
          "object_addr": "module.shared_lambda_layer.var.filename",
          "status": "pass"
        }
      ]
    },
    {
      "object_kind": "var",
      "config_addr": "module.user_api_gw.module.label_apigw_rest_api_label.var.label_value_case",
      "status": "pass",
      "objects": [
        {
          "object_addr": "module.user_api_gw.module.label_apigw_rest_api_label.var.label_value_case",
          "status": "pass"
        }
      ]
    },
    {
      "object_kind": "var",
      "config_addr": "module.user_api_gw.module.label_apigw.var.label_value_case",
      "status": "pass",
      "objects": [
        {
          "object_addr": "module.user_api_gw.module.label_apigw.var.label_value_case",
          "status": "pass"
        }
      ]
    },
    {
      "object_kind": "var",
      "config_addr": "module.get_words_lambda.var.build_image",
      "status": "pass",
      "objects": [
        {
          "object_addr": "module.get_words_lambda.var.build_image",
          "status": "pass"
        }
      ]
    },
    {
      "object_kind": "var",
      "config_addr": "module.get_words_lambda.var.platform",
      "status": "pass",
      "objects": [
        {
          "object_addr": "module.get_words_lambda.var.platform",
          "status": "pass"
        }
      ]
    },
    {
      "object_kind": "var",
      "config_addr": "module.word_bank_ingestion_lambda.module.label_lambda.var.label_value_case",
      "status": "pass",
      "objects": [
        {
          "object_addr": "module.word_bank_ingestion_lambda.module.label_lambda.var.label_value_case",
          "status": "pass"
        }
      ]
    },
    {
      "object_kind": "var",
      "config_addr": "module.null_label.var.id_length_limit",
      "status": "pass",
      "objects": [
        {
          "object_addr": "module.null_label.var.id_length_limit",
          "status": "pass"
        }
      ]
    },
    {
      "object_kind": "var",
      "config_addr": "module.shared_lambda_layer.var.upload_to_s3",
      "status": "pass",
      "objects": [
        {
          "object_addr": "module.shared_lambda_layer.var.upload_to_s3",
          "status": "pass"
        }
      ]
    },
    {
      "object_kind": "var",
      "config_addr": "module.word_bank_ingestion_lambda.module.label_lambda_exec_role.var.label_key_case",
      "status": "pass",
      "objects": [
        {
          "object_addr": "module.word_bank_ingestion_lambda.module.label_lambda_exec_role.var.label_key_case",
          "status": "pass"
        }
      ]
    },
    {
      "object_kind": "var",
      "config_addr": "module.get_words_lambda.var.deployment_type",
      "status": "pass",
      "objects": [
        {
          "object_addr": "module.get_words_lambda.var.deployment_type",
          "status": "pass"
        }
      ]
    },
    {
      "object_kind": "var",
      "config_addr": "module.get_words_lambda.module.label_lambda_exec_role.var.label_value_case",
      "status": "pass",
      "objects": [
        {
          "object_addr": "module.get_words_lambda.module.label_lambda_exec_role.var.label_value_case",
          "status": "pass"
        }
      ]
    },
    {
      "object_kind": "var",
      "config_addr": "module.user_api_gw.module.label_apigw_apikey.var.label_key_case",
      "status": "pass",
      "objects": [
        {
          "object_addr": "module.user_api_gw.module.label_apigw_apikey.var.label_key_case",
          "status": "pass"
        }
      ]
    },
    {
      "object_kind": "var",
      "config_addr": "module.user_api_gw.module.label_apigw_usageplan.var.label_value_case",
      "status": "pass",
      "objects": [
        {
          "object_addr": "module.user_api_gw.module.label_apigw_usageplan.var.label_value_case",
          "status": "pass"
        }
      ]
    },
    {
      "object_kind": "var",
      "config_addr": "module.get_words_lambda.var.filename",
      "status": "pass",
      "objects": [
        {
          "object_addr": "module.get_words_lambda.var.filename",
          "status": "pass"
        }
      ]
    },
    {
      "object_kind": "var",
      "config_addr": "module.id_status_table.var.read_capacity",
      "status": "pass",
      "objects": [
        {
          "object_addr": "module.id_status_table.var.read_capacity",
          "status": "pass"
        }
      ]
    },
    {
      "object_kind": "var",
      "config_addr": "module.id_status_table.var.billing_mode",
      "status": "pass",
      "objects": [
        {
          "object_addr": "module.id_status_table.var.billing_mode",
          "status": "pass"
        }
      ]
    }
  ]
}
